<Solution>
  <Folder Name="/src/">
    <Project Path="src/Devolutions.Pinget.Cli/Devolutions.Pinget.Cli.csproj" />
    <Project Path="src/Devolutions.Pinget.Core/Devolutions.Pinget.Core.csproj" />
    <Project Path="src/Devolutions.Pinget.PowerShell.Engine/Devolutions.Pinget.PowerShell.Engine.csproj" />
    <Project Path="src/Devolutions.Pinget.PowerShell.Cmdlets/Devolutions.Pinget.PowerShell.Cmdlets.csproj" />
  </Folder>
</Solution>
